
Microsoft Visual Studio Solution File, Format Version 12.00
# Visual Studio 15
VisualStudioVersion = 15.0.27130.2027
MinimumVisualStudioVersion = 10.0.40219.1
Project("{FAE04EC0-301F-11D3-BF4B-00C04F79EFBC}") = "01_Vehicles", "ConsoleApp1\01_Vehicles.csproj", "{B05738C2-EFA3-4416-B7FB-DBA304F36195}"
EndProject
Project("{9A19103F-16F7-4668-BE54-9A1E7A4F7556}") = "02_Vehicles_Extension", "02_Vehicles_Extension\02_Vehicles_Extension.csproj", "{1BE13650-43AA-4B02-8975-12B560C65FF3}"
EndProject
Project("{FAE04EC0-301F-11D3-BF4B-00C04F79EFBC}") = "03.WildFarm", "03.WildFarm\03.WildFarm.csproj", "{9F8D09D6-B149-479C-B8BC-60B38A29B5B9}"
EndProject
Global
	GlobalSection(SolutionConfigurationPlatforms) = preSolution
		Debug|Any CPU = Debug|Any CPU
		Release|Any CPU = Release|Any CPU
	EndGlobalSection
	GlobalSection(ProjectConfigurationPlatforms) = postSolution
		{B05738C2-EFA3-4416-B7FB-DBA304F36195}.Debug|Any CPU.ActiveCfg = Debug|Any CPU
		{B05738C2-EFA3-4416-B7FB-DBA304F36195}.Debug|Any CPU.Build.0 = Debug|Any CPU
		{B05738C2-EFA3-4416-B7FB-DBA304F36195}.Release|Any CPU.ActiveCfg = Release|Any CPU
		{B05738C2-EFA3-4416-B7FB-DBA304F36195}.Release|Any CPU.Build.0 = Release|Any CPU
		{1BE13650-43AA-4B02-8975-12B560C65FF3}.Debug|Any CPU.ActiveCfg = Debug|Any CPU
		{1BE13650-43AA-4B02-8975-12B560C65FF3}.Debug|Any CPU.Build.0 = Debug|Any CPU
		{1BE13650-43AA-4B02-8975-12B560C65FF3}.Release|Any CPU.ActiveCfg = Release|Any CPU
		{1BE13650-43AA-4B02-8975-12B560C65FF3}.Release|Any CPU.Build.0 = Release|Any CPU
		{9F8D09D6-B149-479C-B8BC-60B38A29B5B9}.Debug|Any CPU.ActiveCfg = Debug|Any CPU
		{9F8D09D6-B149-479C-B8BC-60B38A29B5B9}.Debug|Any CPU.Build.0 = Debug|Any CPU
		{9F8D09D6-B149-479C-B8BC-60B38A29B5B9}.Release|Any CPU.ActiveCfg = Release|Any CPU
		{9F8D09D6-B149-479C-B8BC-60B38A29B5B9}.Release|Any CPU.Build.0 = Release|Any CPU
	EndGlobalSection
	GlobalSection(SolutionProperties) = preSolution
		HideSolutionNode = FALSE
	EndGlobalSection
	GlobalSection(ExtensibilityGlobals) = postSolution
		SolutionGuid = {8A3E4C1A-5180-41C0-808A-449376A281E7}
	EndGlobalSection
EndGlobal
