
Microsoft Visual Studio Solution File, Format Version 12.00
# Visual Studio 15
VisualStudioVersion = 15.0.27130.2027
MinimumVisualStudioVersion = 10.0.40219.1
Project("{FAE04EC0-301F-11D3-BF4B-00C04F79EFBC}") = "Grand_Prix", "Grand_Prix\Grand_Prix.csproj", "{526B4171-8DE5-4566-97B5-661CA2843F31}"
EndProject
Global
	GlobalSection(SolutionConfigurationPlatforms) = preSolution
		Debug|Any CPU = Debug|Any CPU
		Release|Any CPU = Release|Any CPU
	EndGlobalSection
	GlobalSection(ProjectConfigurationPlatforms) = postSolution
		{526B4171-8DE5-4566-97B5-661CA2843F31}.Debug|Any CPU.ActiveCfg = Debug|Any CPU
		{526B4171-8DE5-4566-97B5-661CA2843F31}.Debug|Any CPU.Build.0 = Debug|Any CPU
		{526B4171-8DE5-4566-97B5-661CA2843F31}.Release|Any CPU.ActiveCfg = Release|Any CPU
		{526B4171-8DE5-4566-97B5-661CA2843F31}.Release|Any CPU.Build.0 = Release|Any CPU
	EndGlobalSection
	GlobalSection(SolutionProperties) = preSolution
		HideSolutionNode = FALSE
	EndGlobalSection
	GlobalSection(ExtensibilityGlobals) = postSolution
		SolutionGuid = {24D5BDD3-7756-4364-B2DA-EDBBB1F3C469}
	EndGlobalSection
EndGlobal
