
Microsoft Visual Studio Solution File, Format Version 12.00
# Visual Studio 15
VisualStudioVersion = 15.0.27130.2027
MinimumVisualStudioVersion = 10.0.40219.1
Project("{FAE04EC0-301F-11D3-BF4B-00C04F79EFBC}") = "01 Bank Account", "01 Bank Account\01 Bank Account.csproj", "{64DF4D2C-8F04-47DB-A9D8-4B89B310630D}"
EndProject
Project("{FAE04EC0-301F-11D3-BF4B-00C04F79EFBC}") = "02 Bank Account Methods", "02 Bank Account Methods\02 Bank Account Methods.csproj", "{7F8313FF-5EFC-4CF5-AA96-01C4867A5D43}"
EndProject
Project("{FAE04EC0-301F-11D3-BF4B-00C04F79EFBC}") = "03_Test_Client", "03 Test Client\03_Test_Client.csproj", "{CCCCED12-DCAD-4A27-8BF0-9DAF815EB807}"
EndProject
Global
	GlobalSection(SolutionConfigurationPlatforms) = preSolution
		Debug|Any CPU = Debug|Any CPU
		Release|Any CPU = Release|Any CPU
	EndGlobalSection
	GlobalSection(ProjectConfigurationPlatforms) = postSolution
		{64DF4D2C-8F04-47DB-A9D8-4B89B310630D}.Debug|Any CPU.ActiveCfg = Debug|Any CPU
		{64DF4D2C-8F04-47DB-A9D8-4B89B310630D}.Debug|Any CPU.Build.0 = Debug|Any CPU
		{64DF4D2C-8F04-47DB-A9D8-4B89B310630D}.Release|Any CPU.ActiveCfg = Release|Any CPU
		{64DF4D2C-8F04-47DB-A9D8-4B89B310630D}.Release|Any CPU.Build.0 = Release|Any CPU
		{7F8313FF-5EFC-4CF5-AA96-01C4867A5D43}.Debug|Any CPU.ActiveCfg = Debug|Any CPU
		{7F8313FF-5EFC-4CF5-AA96-01C4867A5D43}.Debug|Any CPU.Build.0 = Debug|Any CPU
		{7F8313FF-5EFC-4CF5-AA96-01C4867A5D43}.Release|Any CPU.ActiveCfg = Release|Any CPU
		{7F8313FF-5EFC-4CF5-AA96-01C4867A5D43}.Release|Any CPU.Build.0 = Release|Any CPU
		{CCCCED12-DCAD-4A27-8BF0-9DAF815EB807}.Debug|Any CPU.ActiveCfg = Debug|Any CPU
		{CCCCED12-DCAD-4A27-8BF0-9DAF815EB807}.Debug|Any CPU.Build.0 = Debug|Any CPU
		{CCCCED12-DCAD-4A27-8BF0-9DAF815EB807}.Release|Any CPU.ActiveCfg = Release|Any CPU
		{CCCCED12-DCAD-4A27-8BF0-9DAF815EB807}.Release|Any CPU.Build.0 = Release|Any CPU
	EndGlobalSection
	GlobalSection(SolutionProperties) = preSolution
		HideSolutionNode = FALSE
	EndGlobalSection
	GlobalSection(ExtensibilityGlobals) = postSolution
		SolutionGuid = {EEBC8395-C5DF-4EA5-AA81-DCB09946B798}
	EndGlobalSection
EndGlobal
