
Microsoft Visual Studio Solution File, Format Version 12.00
# Visual Studio 15
VisualStudioVersion = 15.0.27130.2027
MinimumVisualStudioVersion = 10.0.40219.1
Project("{9A19103F-16F7-4668-BE54-9A1E7A4F7556}") = "01_Person", "01_Person\01_Person.csproj", "{F4790738-DCE5-4625-9E83-C25164B4DF2E}"
EndProject
Project("{9A19103F-16F7-4668-BE54-9A1E7A4F7556}") = "02_Book_Shop", "02_Book_Shop\02_Book_Shop.csproj", "{0D8E244D-11D2-400A-90FD-8DED9988EBAB}"
EndProject
Project("{9A19103F-16F7-4668-BE54-9A1E7A4F7556}") = "03_Mankind", "03_Mankind\03_Mankind.csproj", "{86C07FD7-DE4E-43AE-8DB0-4222C2F6EB23}"
EndProject
Project("{9A19103F-16F7-4668-BE54-9A1E7A4F7556}") = "04_Online_Radio_Database", "04_Online_Radio_Database\04_Online_Radio_Database.csproj", "{E23C163F-E909-404A-8C80-9E2126170192}"
EndProject
Project("{FAE04EC0-301F-11D3-BF4B-00C04F79EFBC}") = "05_Mordors_Cruel_Plan", "05_Mordors_Cruel_Plan\05_Mordors_Cruel_Plan.csproj", "{3848A232-A869-41E2-9974-92636032D26E}"
EndProject
Project("{FAE04EC0-301F-11D3-BF4B-00C04F79EFBC}") = "06_Animals", "06_Animals\06_Animals.csproj", "{A171CF08-98FD-4138-AF93-831855244DF1}"
EndProject
Global
	GlobalSection(SolutionConfigurationPlatforms) = preSolution
		Debug|Any CPU = Debug|Any CPU
		Release|Any CPU = Release|Any CPU
	EndGlobalSection
	GlobalSection(ProjectConfigurationPlatforms) = postSolution
		{F4790738-DCE5-4625-9E83-C25164B4DF2E}.Debug|Any CPU.ActiveCfg = Debug|Any CPU
		{F4790738-DCE5-4625-9E83-C25164B4DF2E}.Debug|Any CPU.Build.0 = Debug|Any CPU
		{F4790738-DCE5-4625-9E83-C25164B4DF2E}.Release|Any CPU.ActiveCfg = Release|Any CPU
		{F4790738-DCE5-4625-9E83-C25164B4DF2E}.Release|Any CPU.Build.0 = Release|Any CPU
		{0D8E244D-11D2-400A-90FD-8DED9988EBAB}.Debug|Any CPU.ActiveCfg = Debug|Any CPU
		{0D8E244D-11D2-400A-90FD-8DED9988EBAB}.Debug|Any CPU.Build.0 = Debug|Any CPU
		{0D8E244D-11D2-400A-90FD-8DED9988EBAB}.Release|Any CPU.ActiveCfg = Release|Any CPU
		{0D8E244D-11D2-400A-90FD-8DED9988EBAB}.Release|Any CPU.Build.0 = Release|Any CPU
		{86C07FD7-DE4E-43AE-8DB0-4222C2F6EB23}.Debug|Any CPU.ActiveCfg = Debug|Any CPU
		{86C07FD7-DE4E-43AE-8DB0-4222C2F6EB23}.Debug|Any CPU.Build.0 = Debug|Any CPU
		{86C07FD7-DE4E-43AE-8DB0-4222C2F6EB23}.Release|Any CPU.ActiveCfg = Release|Any CPU
		{86C07FD7-DE4E-43AE-8DB0-4222C2F6EB23}.Release|Any CPU.Build.0 = Release|Any CPU
		{E23C163F-E909-404A-8C80-9E2126170192}.Debug|Any CPU.ActiveCfg = Debug|Any CPU
		{E23C163F-E909-404A-8C80-9E2126170192}.Debug|Any CPU.Build.0 = Debug|Any CPU
		{E23C163F-E909-404A-8C80-9E2126170192}.Release|Any CPU.ActiveCfg = Release|Any CPU
		{E23C163F-E909-404A-8C80-9E2126170192}.Release|Any CPU.Build.0 = Release|Any CPU
		{3848A232-A869-41E2-9974-92636032D26E}.Debug|Any CPU.ActiveCfg = Debug|Any CPU
		{3848A232-A869-41E2-9974-92636032D26E}.Debug|Any CPU.Build.0 = Debug|Any CPU
		{3848A232-A869-41E2-9974-92636032D26E}.Release|Any CPU.ActiveCfg = Release|Any CPU
		{3848A232-A869-41E2-9974-92636032D26E}.Release|Any CPU.Build.0 = Release|Any CPU
		{A171CF08-98FD-4138-AF93-831855244DF1}.Debug|Any CPU.ActiveCfg = Debug|Any CPU
		{A171CF08-98FD-4138-AF93-831855244DF1}.Debug|Any CPU.Build.0 = Debug|Any CPU
		{A171CF08-98FD-4138-AF93-831855244DF1}.Release|Any CPU.ActiveCfg = Release|Any CPU
		{A171CF08-98FD-4138-AF93-831855244DF1}.Release|Any CPU.Build.0 = Release|Any CPU
	EndGlobalSection
	GlobalSection(SolutionProperties) = preSolution
		HideSolutionNode = FALSE
	EndGlobalSection
	GlobalSection(ExtensibilityGlobals) = postSolution
		SolutionGuid = {C3B09AF2-B553-4810-9EA8-95CAB55D2263}
	EndGlobalSection
EndGlobal
