
Microsoft Visual Studio Solution File, Format Version 12.00
# Visual Studio 15
VisualStudioVersion = 15.0.27130.2027
MinimumVisualStudioVersion = 10.0.40219.1
Project("{9A19103F-16F7-4668-BE54-9A1E7A4F7556}") = "01_Define_an_Interface_IPerson", "01_Define_an_Interface_IPerson\01_Define_an_Interface_IPerson.csproj", "{FCD35C5C-4A20-4B7B-A31A-ED25444BD915}"
EndProject
Project("{9A19103F-16F7-4668-BE54-9A1E7A4F7556}") = "02_Multiple_Implementation", "02_Multiple_Implementation\02_Multiple_Implementation.csproj", "{D1322478-9744-47B5-B450-FDB8F3BEC72F}"
EndProject
Project("{9A19103F-16F7-4668-BE54-9A1E7A4F7556}") = "03_Ferrari", "03_Ferrari\03_Ferrari.csproj", "{6F5549B5-12A8-4A42-95DD-898C5D3CF621}"
EndProject
Project("{9A19103F-16F7-4668-BE54-9A1E7A4F7556}") = "04_Telephony", "04_Telephony\04_Telephony.csproj", "{B50060AD-0D8A-4736-B9D7-97EF3B726702}"
EndProject
Project("{9A19103F-16F7-4668-BE54-9A1E7A4F7556}") = "05_Border_Control", "05_Border_Control\05_Border_Control.csproj", "{A6DFAD7D-EB0C-4A2F-904D-86A1790BA68D}"
EndProject
Project("{9A19103F-16F7-4668-BE54-9A1E7A4F7556}") = "06_Birthday_Celebrations", "06_Birthday_Celebrations\06_Birthday_Celebrations.csproj", "{059C6B77-81F7-49D4-8913-14DF0491822F}"
EndProject
Project("{9A19103F-16F7-4668-BE54-9A1E7A4F7556}") = "07_Food_Shortage", "07_Food_Shortage\07_Food_Shortage.csproj", "{254B28F9-6A0E-47F9-80EA-523F948CD028}"
EndProject
Project("{9A19103F-16F7-4668-BE54-9A1E7A4F7556}") = "08_Military_Elite", "08_Military_Elite\08_Military_Elite.csproj", "{B709560D-D165-4B2E-ABE6-818FCA44CF96}"
EndProject
Project("{FAE04EC0-301F-11D3-BF4B-00C04F79EFBC}") = "09_Collection_Hierarchy", "09_Collection_Hierarchy\09_Collection_Hierarchy.csproj", "{095A7526-D5F2-4C4F-8270-3C43EAB24568}"
EndProject
Project("{FAE04EC0-301F-11D3-BF4B-00C04F79EFBC}") = "10_Explicit_Interfaces", "10_Explicit_Interfaces\10_Explicit_Interfaces.csproj", "{0530ABD0-E654-465D-86FD-8756289A2F4B}"
EndProject
Global
	GlobalSection(SolutionConfigurationPlatforms) = preSolution
		Debug|Any CPU = Debug|Any CPU
		Release|Any CPU = Release|Any CPU
	EndGlobalSection
	GlobalSection(ProjectConfigurationPlatforms) = postSolution
		{FCD35C5C-4A20-4B7B-A31A-ED25444BD915}.Debug|Any CPU.ActiveCfg = Debug|Any CPU
		{FCD35C5C-4A20-4B7B-A31A-ED25444BD915}.Debug|Any CPU.Build.0 = Debug|Any CPU
		{FCD35C5C-4A20-4B7B-A31A-ED25444BD915}.Release|Any CPU.ActiveCfg = Release|Any CPU
		{FCD35C5C-4A20-4B7B-A31A-ED25444BD915}.Release|Any CPU.Build.0 = Release|Any CPU
		{D1322478-9744-47B5-B450-FDB8F3BEC72F}.Debug|Any CPU.ActiveCfg = Debug|Any CPU
		{D1322478-9744-47B5-B450-FDB8F3BEC72F}.Debug|Any CPU.Build.0 = Debug|Any CPU
		{D1322478-9744-47B5-B450-FDB8F3BEC72F}.Release|Any CPU.ActiveCfg = Release|Any CPU
		{D1322478-9744-47B5-B450-FDB8F3BEC72F}.Release|Any CPU.Build.0 = Release|Any CPU
		{6F5549B5-12A8-4A42-95DD-898C5D3CF621}.Debug|Any CPU.ActiveCfg = Debug|Any CPU
		{6F5549B5-12A8-4A42-95DD-898C5D3CF621}.Debug|Any CPU.Build.0 = Debug|Any CPU
		{6F5549B5-12A8-4A42-95DD-898C5D3CF621}.Release|Any CPU.ActiveCfg = Release|Any CPU
		{6F5549B5-12A8-4A42-95DD-898C5D3CF621}.Release|Any CPU.Build.0 = Release|Any CPU
		{B50060AD-0D8A-4736-B9D7-97EF3B726702}.Debug|Any CPU.ActiveCfg = Debug|Any CPU
		{B50060AD-0D8A-4736-B9D7-97EF3B726702}.Debug|Any CPU.Build.0 = Debug|Any CPU
		{B50060AD-0D8A-4736-B9D7-97EF3B726702}.Release|Any CPU.ActiveCfg = Release|Any CPU
		{B50060AD-0D8A-4736-B9D7-97EF3B726702}.Release|Any CPU.Build.0 = Release|Any CPU
		{A6DFAD7D-EB0C-4A2F-904D-86A1790BA68D}.Debug|Any CPU.ActiveCfg = Debug|Any CPU
		{A6DFAD7D-EB0C-4A2F-904D-86A1790BA68D}.Debug|Any CPU.Build.0 = Debug|Any CPU
		{A6DFAD7D-EB0C-4A2F-904D-86A1790BA68D}.Release|Any CPU.ActiveCfg = Release|Any CPU
		{A6DFAD7D-EB0C-4A2F-904D-86A1790BA68D}.Release|Any CPU.Build.0 = Release|Any CPU
		{059C6B77-81F7-49D4-8913-14DF0491822F}.Debug|Any CPU.ActiveCfg = Debug|Any CPU
		{059C6B77-81F7-49D4-8913-14DF0491822F}.Debug|Any CPU.Build.0 = Debug|Any CPU
		{059C6B77-81F7-49D4-8913-14DF0491822F}.Release|Any CPU.ActiveCfg = Release|Any CPU
		{059C6B77-81F7-49D4-8913-14DF0491822F}.Release|Any CPU.Build.0 = Release|Any CPU
		{254B28F9-6A0E-47F9-80EA-523F948CD028}.Debug|Any CPU.ActiveCfg = Debug|Any CPU
		{254B28F9-6A0E-47F9-80EA-523F948CD028}.Debug|Any CPU.Build.0 = Debug|Any CPU
		{254B28F9-6A0E-47F9-80EA-523F948CD028}.Release|Any CPU.ActiveCfg = Release|Any CPU
		{254B28F9-6A0E-47F9-80EA-523F948CD028}.Release|Any CPU.Build.0 = Release|Any CPU
		{B709560D-D165-4B2E-ABE6-818FCA44CF96}.Debug|Any CPU.ActiveCfg = Debug|Any CPU
		{B709560D-D165-4B2E-ABE6-818FCA44CF96}.Debug|Any CPU.Build.0 = Debug|Any CPU
		{B709560D-D165-4B2E-ABE6-818FCA44CF96}.Release|Any CPU.ActiveCfg = Release|Any CPU
		{B709560D-D165-4B2E-ABE6-818FCA44CF96}.Release|Any CPU.Build.0 = Release|Any CPU
		{095A7526-D5F2-4C4F-8270-3C43EAB24568}.Debug|Any CPU.ActiveCfg = Debug|Any CPU
		{095A7526-D5F2-4C4F-8270-3C43EAB24568}.Debug|Any CPU.Build.0 = Debug|Any CPU
		{095A7526-D5F2-4C4F-8270-3C43EAB24568}.Release|Any CPU.ActiveCfg = Release|Any CPU
		{095A7526-D5F2-4C4F-8270-3C43EAB24568}.Release|Any CPU.Build.0 = Release|Any CPU
		{0530ABD0-E654-465D-86FD-8756289A2F4B}.Debug|Any CPU.ActiveCfg = Debug|Any CPU
		{0530ABD0-E654-465D-86FD-8756289A2F4B}.Debug|Any CPU.Build.0 = Debug|Any CPU
		{0530ABD0-E654-465D-86FD-8756289A2F4B}.Release|Any CPU.ActiveCfg = Release|Any CPU
		{0530ABD0-E654-465D-86FD-8756289A2F4B}.Release|Any CPU.Build.0 = Release|Any CPU
	EndGlobalSection
	GlobalSection(SolutionProperties) = preSolution
		HideSolutionNode = FALSE
	EndGlobalSection
	GlobalSection(ExtensibilityGlobals) = postSolution
		SolutionGuid = {142285DD-AAC0-4B02-BDD2-44EC6C676BFF}
	EndGlobalSection
EndGlobal
